
Microsoft Visual Studio Solution File, Format Version 12.00
# Visual Studio Version 17
VisualStudioVersion = 17.7.34024.191
MinimumVisualStudioVersion = 10.0.40219.1
Project("{9A19103F-16F7-4668-BE54-9A1E7A4F7556}") = "CalculadorImcBlazorApp", "CalculadorImcBlazorApp.csproj", "{78D3B47B-F24B-44A7-A158-35E766472561}"
EndProject
Global
	GlobalSection(SolutionConfigurationPlatforms) = preSolution
		Debug|Any CPU = Debug|Any CPU
		Release|Any CPU = Release|Any CPU
	EndGlobalSection
	GlobalSection(ProjectConfigurationPlatforms) = postSolution
		{78D3B47B-F24B-44A7-A158-35E766472561}.Debug|Any CPU.ActiveCfg = Debug|Any CPU
		{78D3B47B-F24B-44A7-A158-35E766472561}.Debug|Any CPU.Build.0 = Debug|Any CPU
		{78D3B47B-F24B-44A7-A158-35E766472561}.Release|Any CPU.ActiveCfg = Release|Any CPU
		{78D3B47B-F24B-44A7-A158-35E766472561}.Release|Any CPU.Build.0 = Release|Any CPU
	EndGlobalSection
	GlobalSection(SolutionProperties) = preSolution
		HideSolutionNode = FALSE
	EndGlobalSection
	GlobalSection(ExtensibilityGlobals) = postSolution
		SolutionGuid = {5145C597-C915-44BC-9071-7048637FF403}
	EndGlobalSection
EndGlobal
